
Microsoft Visual Studio Solution File, Format Version 12.00
# Visual Studio Version 17
VisualStudioVersion = 17.9.34607.119
MinimumVisualStudioVersion = 10.0.40219.1
Project("{FAE04EC0-301F-11D3-BF4B-00C04F79EFBC}") = "Bookstore_Mission_11_Vick", "Bookstore_Mission_11_Vick.csproj", "{177EE91E-0FA8-400B-A67B-4E0B5F3BA80C}"
EndProject
Global
	GlobalSection(SolutionConfigurationPlatforms) = preSolution
		Debug|Any CPU = Debug|Any CPU
		Release|Any CPU = Release|Any CPU
	EndGlobalSection
	GlobalSection(ProjectConfigurationPlatforms) = postSolution
		{177EE91E-0FA8-400B-A67B-4E0B5F3BA80C}.Debug|Any CPU.ActiveCfg = Debug|Any CPU
		{177EE91E-0FA8-400B-A67B-4E0B5F3BA80C}.Debug|Any CPU.Build.0 = Debug|Any CPU
		{177EE91E-0FA8-400B-A67B-4E0B5F3BA80C}.Release|Any CPU.ActiveCfg = Release|Any CPU
		{177EE91E-0FA8-400B-A67B-4E0B5F3BA80C}.Release|Any CPU.Build.0 = Release|Any CPU
	EndGlobalSection
	GlobalSection(SolutionProperties) = preSolution
		HideSolutionNode = FALSE
	EndGlobalSection
	GlobalSection(ExtensibilityGlobals) = postSolution
		SolutionGuid = {2140EB22-E997-4572-A200-9AE2F5CFC848}
	EndGlobalSection
EndGlobal
